// !$*UTF8*$!
{
	archiveVersion = 1;
	classes = {
	};
	objectVersion = 56;
	objects = {

/* Begin PBXBuildFile section */
		8AB728192A5C1DAF002F019C /* CameraViewController.swift in Sources */ = {isa = PBXBuildFile; fileRef = 8AB728182A5C1DAF002F019C /* CameraViewController.swift */; };
		8AB7281B2A5C1DC6002F019C /* CameraViewWrapper.swift in Sources */ = {isa = PBXBuildFile; fileRef = 8AB7281A2A5C1DC6002F019C /* CameraViewWrapper.swift */; };
		8AB7281D2A5C1DDE002F019C /* CameraView.swift in Sources */ = {isa = PBXBuildFile; fileRef = 8AB7281C2A5C1DDE002F019C /* CameraView.swift */; };
		8AB7281F2A5C1E2F002F019C /* PoseEstimator.swift in Sources */ = {isa = PBXBuildFile; fileRef = 8AB7281E2A5C1E2F002F019C /* PoseEstimator.swift */; };
		8AB728212A5C1E45002F019C /* StickFigureView.swift in Sources */ = {isa = PBXBuildFile; fileRef = 8AB728202A5C1E45002F019C /* StickFigureView.swift */; };
		8AB728232A5C2540002F019C /* Data.swift in Sources */ = {isa = PBXBuildFile; fileRef = 8AB728222A5C2540002F019C /* Data.swift */; };
		8AB728272A5E8111002F019C /* DataCalculator.swift in Sources */ = {isa = PBXBuildFile; fileRef = 8AB728262A5E8111002F019C /* DataCalculator.swift */; };
		8AB728292A5EE662002F019C /* TransferData.swift in Sources */ = {isa = PBXBuildFile; fileRef = 8AB728282A5EE662002F019C /* TransferData.swift */; };
		8AB7282C2A5F9789002F019C /* WebSocketService.swift in Sources */ = {isa = PBXBuildFile; fileRef = 8AB7282B2A5F9789002F019C /* WebSocketService.swift */; };
		8AE12CD12A56F1C4006AAF20 /* NetworkManager.swift in Sources */ = {isa = PBXBuildFile; fileRef = 8AE12CD02A56F1C4006AAF20 /* NetworkManager.swift */; };
		8AE12CD32A56F1F1006AAF20 /* Constants.swift in Sources */ = {isa = PBXBuildFile; fileRef = 8AE12CD22A56F1F1006AAF20 /* Constants.swift */; };
		8AE12CD52A593F81006AAF20 /* DetectionView.swift in Sources */ = {isa = PBXBuildFile; fileRef = 8AE12CD42A593F81006AAF20 /* DetectionView.swift */; };
		8AE1B7C52A569641005F5F8D /* PosePerfectApp.swift in Sources */ = {isa = PBXBuildFile; fileRef = 8AE1B7C42A569641005F5F8D /* PosePerfectApp.swift */; };
		8AE1B7C72A569641005F5F8D /* ContentView.swift in Sources */ = {isa = PBXBuildFile; fileRef = 8AE1B7C62A569641005F5F8D /* ContentView.swift */; };
		8AE1B7C92A569643005F5F8D /* Assets.xcassets in Resources */ = {isa = PBXBuildFile; fileRef = 8AE1B7C82A569643005F5F8D /* Assets.xcassets */; };
		8AE1B7CC2A569643005F5F8D /* Preview Assets.xcassets in Resources */ = {isa = PBXBuildFile; fileRef = 8AE1B7CB2A569643005F5F8D /* Preview Assets.xcassets */; };
		8AE1B7D62A569643005F5F8D /* PosePerfectTests.swift in Sources */ = {isa = PBXBuildFile; fileRef = 8AE1B7D52A569643005F5F8D /* PosePerfectTests.swift */; };
		8AE1B7E02A569643005F5F8D /* PosePerfectUITests.swift in Sources */ = {isa = PBXBuildFile; fileRef = 8AE1B7DF2A569643005F5F8D /* PosePerfectUITests.swift */; };
		8AE1B7E22A569643005F5F8D /* PosePerfectUITestsLaunchTests.swift in Sources */ = {isa = PBXBuildFile; fileRef = 8AE1B7E12A569643005F5F8D /* PosePerfectUITestsLaunchTests.swift */; };
		8AE1B7F02A569783005F5F8D /* LoginView.swift in Sources */ = {isa = PBXBuildFile; fileRef = 8AE1B7EF2A569783005F5F8D /* LoginView.swift */; };
		8AE1B7F32A569837005F5F8D /* Color.swift in Sources */ = {isa = PBXBuildFile; fileRef = 8AE1B7F22A569837005F5F8D /* Color.swift */; };
/* End PBXBuildFile section */

/* Begin PBXContainerItemProxy section */
		8AE1B7D22A569643005F5F8D /* PBXContainerItemProxy */ = {
			isa = PBXContainerItemProxy;
			containerPortal = 8AE1B7B92A569641005F5F8D /* Project object */;
			proxyType = 1;
			remoteGlobalIDString = 8AE1B7C02A569641005F5F8D;
			remoteInfo = PosePerfect;
		};
		8AE1B7DC2A569643005F5F8D /* PBXContainerItemProxy */ = {
			isa = PBXContainerItemProxy;
			containerPortal = 8AE1B7B92A569641005F5F8D /* Project object */;
			proxyType = 1;
			remoteGlobalIDString = 8AE1B7C02A569641005F5F8D;
			remoteInfo = PosePerfect;
		};
/* End PBXContainerItemProxy section */

/* Begin PBXFileReference section */
		8AB728182A5C1DAF002F019C /* CameraViewController.swift */ = {isa = PBXFileReference; lastKnownFileType = sourcecode.swift; path = CameraViewController.swift; sourceTree = "<group>"; };
		8AB7281A2A5C1DC6002F019C /* CameraViewWrapper.swift */ = {isa = PBXFileReference; lastKnownFileType = sourcecode.swift; path = CameraViewWrapper.swift; sourceTree = "<group>"; };
		8AB7281C2A5C1DDE002F019C /* CameraView.swift */ = {isa = PBXFileReference; lastKnownFileType = sourcecode.swift; path = CameraView.swift; sourceTree = "<group>"; };
		8AB7281E2A5C1E2F002F019C /* PoseEstimator.swift */ = {isa = PBXFileReference; lastKnownFileType = sourcecode.swift; path = PoseEstimator.swift; sourceTree = "<group>"; };
		8AB728202A5C1E45002F019C /* StickFigureView.swift */ = {isa = PBXFileReference; lastKnownFileType = sourcecode.swift; path = StickFigureView.swift; sourceTree = "<group>"; };
		8AB728222A5C2540002F019C /* Data.swift */ = {isa = PBXFileReference; lastKnownFileType = sourcecode.swift; path = Data.swift; sourceTree = "<group>"; };
		8AB728262A5E8111002F019C /* DataCalculator.swift */ = {isa = PBXFileReference; lastKnownFileType = sourcecode.swift; path = DataCalculator.swift; sourceTree = "<group>"; };
		8AB728282A5EE662002F019C /* TransferData.swift */ = {isa = PBXFileReference; lastKnownFileType = sourcecode.swift; path = TransferData.swift; sourceTree = "<group>"; };
		8AB7282A2A5EEF4D002F019C /* README.md */ = {isa = PBXFileReference; lastKnownFileType = net.daringfireball.markdown; path = README.md; sourceTree = "<group>"; };
		8AB7282B2A5F9789002F019C /* WebSocketService.swift */ = {isa = PBXFileReference; lastKnownFileType = sourcecode.swift; path = WebSocketService.swift; sourceTree = "<group>"; };
		8AE12CD02A56F1C4006AAF20 /* NetworkManager.swift */ = {isa = PBXFileReference; lastKnownFileType = sourcecode.swift; path = NetworkManager.swift; sourceTree = "<group>"; };
		8AE12CD22A56F1F1006AAF20 /* Constants.swift */ = {isa = PBXFileReference; lastKnownFileType = sourcecode.swift; path = Constants.swift; sourceTree = "<group>"; };
		8AE12CD42A593F81006AAF20 /* DetectionView.swift */ = {isa = PBXFileReference; lastKnownFileType = sourcecode.swift; path = DetectionView.swift; sourceTree = "<group>"; };
		8AE1B7C12A569641005F5F8D /* PosePerfect.app */ = {isa = PBXFileReference; explicitFileType = wrapper.application; includeInIndex = 0; path = PosePerfect.app; sourceTree = BUILT_PRODUCTS_DIR; };
		8AE1B7C42A569641005F5F8D /* PosePerfectApp.swift */ = {isa = PBXFileReference; lastKnownFileType = sourcecode.swift; path = PosePerfectApp.swift; sourceTree = "<group>"; };
		8AE1B7C62A569641005F5F8D /* ContentView.swift */ = {isa = PBXFileReference; lastKnownFileType = sourcecode.swift; path = ContentView.swift; sourceTree = "<group>"; };
		8AE1B7C82A569643005F5F8D /* Assets.xcassets */ = {isa = PBXFileReference; lastKnownFileType = folder.assetcatalog; path = Assets.xcassets; sourceTree = "<group>"; };
		8AE1B7CB2A569643005F5F8D /* Preview Assets.xcassets */ = {isa = PBXFileReference; lastKnownFileType = folder.assetcatalog; path = "Preview Assets.xcassets"; sourceTree = "<group>"; };
		8AE1B7D12A569643005F5F8D /* PosePerfectTests.xctest */ = {isa = PBXFileReference; explicitFileType = wrapper.cfbundle; includeInIndex = 0; path = PosePerfectTests.xctest; sourceTree = BUILT_PRODUCTS_DIR; };
		8AE1B7D52A569643005F5F8D /* PosePerfectTests.swift */ = {isa = PBXFileReference; lastKnownFileType = sourcecode.swift; path = PosePerfectTests.swift; sourceTree = "<group>"; };
		8AE1B7DB2A569643005F5F8D /* PosePerfectUITests.xctest */ = {isa = PBXFileReference; explicitFileType = wrapper.cfbundle; includeInIndex = 0; path = PosePerfectUITests.xctest; sourceTree = BUILT_PRODUCTS_DIR; };
		8AE1B7DF2A569643005F5F8D /* PosePerfectUITests.swift */ = {isa = PBXFileReference; lastKnownFileType = sourcecode.swift; path = PosePerfectUITests.swift; sourceTree = "<group>"; };
		8AE1B7E12A569643005F5F8D /* PosePerfectUITestsLaunchTests.swift */ = {isa = PBXFileReference; lastKnownFileType = sourcecode.swift; path = PosePerfectUITestsLaunchTests.swift; sourceTree = "<group>"; };
		8AE1B7EF2A569783005F5F8D /* LoginView.swift */ = {isa = PBXFileReference; lastKnownFileType = sourcecode.swift; path = LoginView.swift; sourceTree = "<group>"; };
		8AE1B7F22A569837005F5F8D /* Color.swift */ = {isa = PBXFileReference; lastKnownFileType = sourcecode.swift; path = Color.swift; sourceTree = "<group>"; };
/* End PBXFileReference section */

/* Begin PBXFrameworksBuildPhase section */
		8AE1B7BE2A569641005F5F8D /* Frameworks */ = {
			isa = PBXFrameworksBuildPhase;
			buildActionMask = 2147483647;
			files = (
			);
			runOnlyForDeploymentPostprocessing = 0;
		};
		8AE1B7CE2A569643005F5F8D /* Frameworks */ = {
			isa = PBXFrameworksBuildPhase;
			buildActionMask = 2147483647;
			files = (
			);
			runOnlyForDeploymentPostprocessing = 0;
		};
		8AE1B7D82A569643005F5F8D /* Frameworks */ = {
			isa = PBXFrameworksBuildPhase;
			buildActionMask = 2147483647;
			files = (
			);
			runOnlyForDeploymentPostprocessing = 0;
		};
/* End PBXFrameworksBuildPhase section */

/* Begin PBXGroup section */
		8AB728172A5C1D4E002F019C /* Camera */ = {
			isa = PBXGroup;
			children = (
				8AB728182A5C1DAF002F019C /* CameraViewController.swift */,
				8AB7281A2A5C1DC6002F019C /* CameraViewWrapper.swift */,
				8AB7281C2A5C1DDE002F019C /* CameraView.swift */,
			);
			path = Camera;
			sourceTree = "<group>";
		};
		8AE1B7B82A569641005F5F8D = {
			isa = PBXGroup;
			children = (
				8AB7282A2A5EEF4D002F019C /* README.md */,
				8AE1B7C32A569641005F5F8D /* PosePerfect */,
				8AE1B7D42A569643005F5F8D /* PosePerfectTests */,
				8AE1B7DE2A569643005F5F8D /* PosePerfectUITests */,
				8AE1B7C22A569641005F5F8D /* Products */,
			);
			sourceTree = "<group>";
		};
		8AE1B7C22A569641005F5F8D /* Products */ = {
			isa = PBXGroup;
			children = (
				8AE1B7C12A569641005F5F8D /* PosePerfect.app */,
				8AE1B7D12A569643005F5F8D /* PosePerfectTests.xctest */,
				8AE1B7DB2A569643005F5F8D /* PosePerfectUITests.xctest */,
			);
			name = Products;
			sourceTree = "<group>";
		};
		8AE1B7C32A569641005F5F8D /* PosePerfect */ = {
			isa = PBXGroup;
			children = (
				8AB728172A5C1D4E002F019C /* Camera */,
				8AE1B7F12A5697F2005F5F8D /* Utils */,
				8AE1B7EE2A569772005F5F8D /* Views */,
				8AE1B7C42A569641005F5F8D /* PosePerfectApp.swift */,
				8AE1B7C62A569641005F5F8D /* ContentView.swift */,
				8AE1B7C82A569643005F5F8D /* Assets.xcassets */,
				8AE1B7CA2A569643005F5F8D /* Preview Content */,
			);
			path = PosePerfect;
			sourceTree = "<group>";
		};
		8AE1B7CA2A569643005F5F8D /* Preview Content */ = {
			isa = PBXGroup;
			children = (
				8AE1B7CB2A569643005F5F8D /* Preview Assets.xcassets */,
			);
			path = "Preview Content";
			sourceTree = "<group>";
		};
		8AE1B7D42A569643005F5F8D /* PosePerfectTests */ = {
			isa = PBXGroup;
			children = (
				8AE1B7D52A569643005F5F8D /* PosePerfectTests.swift */,
			);
			path = PosePerfectTests;
			sourceTree = "<group>";
		};
		8AE1B7DE2A569643005F5F8D /* PosePerfectUITests */ = {
			isa = PBXGroup;
			children = (
				8AE1B7DF2A569643005F5F8D /* PosePerfectUITests.swift */,
				8AE1B7E12A569643005F5F8D /* PosePerfectUITestsLaunchTests.swift */,
			);
			path = PosePerfectUITests;
			sourceTree = "<group>";
		};
		8AE1B7EE2A569772005F5F8D /* Views */ = {
			isa = PBXGroup;
			children = (
				8AE1B7EF2A569783005F5F8D /* LoginView.swift */,
				8AE12CD42A593F81006AAF20 /* DetectionView.swift */,
				8AB728202A5C1E45002F019C /* StickFigureView.swift */,
			);
			path = Views;
			sourceTree = "<group>";
		};
		8AE1B7F12A5697F2005F5F8D /* Utils */ = {
			isa = PBXGroup;
			children = (
				8AB7281E2A5C1E2F002F019C /* PoseEstimator.swift */,
				8AB728222A5C2540002F019C /* Data.swift */,
				8AE1B7F22A569837005F5F8D /* Color.swift */,
				8AE12CD02A56F1C4006AAF20 /* NetworkManager.swift */,
				8AE12CD22A56F1F1006AAF20 /* Constants.swift */,
				8AB728262A5E8111002F019C /* DataCalculator.swift */,
				8AB728282A5EE662002F019C /* TransferData.swift */,
				8AB7282B2A5F9789002F019C /* WebSocketService.swift */,
			);
			path = Utils;
			sourceTree = "<group>";
		};
/* End PBXGroup section */

/* Begin PBXNativeTarget section */
		8AE1B7C02A569641005F5F8D /* PosePerfect */ = {
			isa = PBXNativeTarget;
			buildConfigurationList = 8AE1B7E52A569643005F5F8D /* Build configuration list for PBXNativeTarget "PosePerfect" */;
			buildPhases = (
				8AE1B7BD2A569641005F5F8D /* Sources */,
				8AE1B7BE2A569641005F5F8D /* Frameworks */,
				8AE1B7BF2A569641005F5F8D /* Resources */,
			);
			buildRules = (
			);
			dependencies = (
			);
			name = PosePerfect;
			productName = PosePerfect;
			productReference = 8AE1B7C12A569641005F5F8D /* PosePerfect.app */;
			productType = "com.apple.product-type.application";
		};
		8AE1B7D02A569643005F5F8D /* PosePerfectTests */ = {
			isa = PBXNativeTarget;
			buildConfigurationList = 8AE1B7E82A569643005F5F8D /* Build configuration list for PBXNativeTarget "PosePerfectTests" */;
			buildPhases = (
				8AE1B7CD2A569643005F5F8D /* Sources */,
				8AE1B7CE2A569643005F5F8D /* Frameworks */,
				8AE1B7CF2A569643005F5F8D /* Resources */,
			);
			buildRules = (
			);
			dependencies = (
				8AE1B7D32A569643005F5F8D /* PBXTargetDependency */,
			);
			name = PosePerfectTests;
			productName = PosePerfectTests;
			productReference = 8AE1B7D12A569643005F5F8D /* PosePerfectTests.xctest */;
			productType = "com.apple.product-type.bundle.unit-test";
		};
		8AE1B7DA2A569643005F5F8D /* PosePerfectUITests */ = {
			isa = PBXNativeTarget;
			buildConfigurationList = 8AE1B7EB2A569643005F5F8D /* Build configuration list for PBXNativeTarget "PosePerfectUITests" */;
			buildPhases = (
				8AE1B7D72A569643005F5F8D /* Sources */,
				8AE1B7D82A569643005F5F8D /* Frameworks */,
				8AE1B7D92A569643005F5F8D /* Resources */,
			);
			buildRules = (
			);
			dependencies = (
				8AE1B7DD2A569643005F5F8D /* PBXTargetDependency */,
			);
			name = PosePerfectUITests;
			productName = PosePerfectUITests;
			productReference = 8AE1B7DB2A569643005F5F8D /* PosePerfectUITests.xctest */;
			productType = "com.apple.product-type.bundle.ui-testing";
		};
/* End PBXNativeTarget section */

/* Begin PBXProject section */
		8AE1B7B92A569641005F5F8D /* Project object */ = {
			isa = PBXProject;
			attributes = {
				BuildIndependentTargetsInParallel = 1;
				LastSwiftUpdateCheck = 1430;
				LastUpgradeCheck = 1430;
				TargetAttributes = {
					8AE1B7C02A569641005F5F8D = {
						CreatedOnToolsVersion = 14.3;
					};
					8AE1B7D02A569643005F5F8D = {
						CreatedOnToolsVersion = 14.3;
						TestTargetID = 8AE1B7C02A569641005F5F8D;
					};
					8AE1B7DA2A569643005F5F8D = {
						CreatedOnToolsVersion = 14.3;
						TestTargetID = 8AE1B7C02A569641005F5F8D;
					};
				};
			};
			buildConfigurationList = 8AE1B7BC2A569641005F5F8D /* Build configuration list for PBXProject "PosePerfect" */;
			compatibilityVersion = "Xcode 14.0";
			developmentRegion = en;
			hasScannedForEncodings = 0;
			knownRegions = (
				en,
				Base,
			);
			mainGroup = 8AE1B7B82A569641005F5F8D;
			productRefGroup = 8AE1B7C22A569641005F5F8D /* Products */;
			projectDirPath = "";
			projectRoot = "";
			targets = (
				8AE1B7C02A569641005F5F8D /* PosePerfect */,
				8AE1B7D02A569643005F5F8D /* PosePerfectTests */,
				8AE1B7DA2A569643005F5F8D /* PosePerfectUITests */,
			);
		};
/* End PBXProject section */

/* Begin PBXResourcesBuildPhase section */
		8AE1B7BF2A569641005F5F8D /* Resources */ = {
			isa = PBXResourcesBuildPhase;
			buildActionMask = 2147483647;
			files = (
				8AE1B7CC2A569643005F5F8D /* Preview Assets.xcassets in Resources */,
				8AE1B7C92A569643005F5F8D /* Assets.xcassets in Resources */,
			);
			runOnlyForDeploymentPostprocessing = 0;
		};
		8AE1B7CF2A569643005F5F8D /* Resources */ = {
			isa = PBXResourcesBuildPhase;
			buildActionMask = 2147483647;
			files = (
			);
			runOnlyForDeploymentPostprocessing = 0;
		};
		8AE1B7D92A569643005F5F8D /* Resources */ = {
			isa = PBXResourcesBuildPhase;
			buildActionMask = 2147483647;
			files = (
			);
			runOnlyForDeploymentPostprocessing = 0;
		};
/* End PBXResourcesBuildPhase section */

/* Begin PBXSourcesBuildPhase section */
		8AE1B7BD2A569641005F5F8D /* Sources */ = {
			isa = PBXSourcesBuildPhase;
			buildActionMask = 2147483647;
			files = (
				8AE1B7F02A569783005F5F8D /* LoginView.swift in Sources */,
				8AE12CD52A593F81006AAF20 /* DetectionView.swift in Sources */,
				8AB7281B2A5C1DC6002F019C /* CameraViewWrapper.swift in Sources */,
				8AB728292A5EE662002F019C /* TransferData.swift in Sources */,
				8AB728272A5E8111002F019C /* DataCalculator.swift in Sources */,
				8AB7281F2A5C1E2F002F019C /* PoseEstimator.swift in Sources */,
				8AB7281D2A5C1DDE002F019C /* CameraView.swift in Sources */,
				8AE1B7F32A569837005F5F8D /* Color.swift in Sources */,
				8AE12CD12A56F1C4006AAF20 /* NetworkManager.swift in Sources */,
				8AB7282C2A5F9789002F019C /* WebSocketService.swift in Sources */,
				8AB728212A5C1E45002F019C /* StickFigureView.swift in Sources */,
				8AB728232A5C2540002F019C /* Data.swift in Sources */,
				8AE1B7C72A569641005F5F8D /* ContentView.swift in Sources */,
				8AB728192A5C1DAF002F019C /* CameraViewController.swift in Sources */,
				8AE1B7C52A569641005F5F8D /* PosePerfectApp.swift in Sources */,
				8AE12CD32A56F1F1006AAF20 /* Constants.swift in Sources */,
			);
			runOnlyForDeploymentPostprocessing = 0;
		};
		8AE1B7CD2A569643005F5F8D /* Sources */ = {
			isa = PBXSourcesBuildPhase;
			buildActionMask = 2147483647;
			files = (
				8AE1B7D62A569643005F5F8D /* PosePerfectTests.swift in Sources */,
			);
			runOnlyForDeploymentPostprocessing = 0;
		};
		8AE1B7D72A569643005F5F8D /* Sources */ = {
			isa = PBXSourcesBuildPhase;
			buildActionMask = 2147483647;
			files = (
				8AE1B7E02A569643005F5F8D /* PosePerfectUITests.swift in Sources */,
				8AE1B7E22A569643005F5F8D /* PosePerfectUITestsLaunchTests.swift in Sources */,
			);
			runOnlyForDeploymentPostprocessing = 0;
		};
/* End PBXSourcesBuildPhase section */

/* Begin PBXTargetDependency section */
		8AE1B7D32A569643005F5F8D /* PBXTargetDependency */ = {
			isa = PBXTargetDependency;
			target = 8AE1B7C02A569641005F5F8D /* PosePerfect */;
			targetProxy = 8AE1B7D22A569643005F5F8D /* PBXContainerItemProxy */;
		};
		8AE1B7DD2A569643005F5F8D /* PBXTargetDependency */ = {
			isa = PBXTargetDependency;
			target = 8AE1B7C02A569641005F5F8D /* PosePerfect */;
			targetProxy = 8AE1B7DC2A569643005F5F8D /* PBXContainerItemProxy */;
		};
/* End PBXTargetDependency section */

/* Begin XCBuildConfiguration section */
		8AE1B7E32A569643005F5F8D /* Debug */ = {
			isa = XCBuildConfiguration;
			buildSettings = {
				ALWAYS_SEARCH_USER_PATHS = NO;
				CLANG_ANALYZER_NONNULL = YES;
				CLANG_ANALYZER_NUMBER_OBJECT_CONVERSION = YES_AGGRESSIVE;
				CLANG_CXX_LANGUAGE_STANDARD = "gnu++20";
				CLANG_ENABLE_MODULES = YES;
				CLANG_ENABLE_OBJC_ARC = YES;
				CLANG_ENABLE_OBJC_WEAK = YES;
				CLANG_WARN_BLOCK_CAPTURE_AUTORELEASING = YES;
				CLANG_WARN_BOOL_CONVERSION = YES;
				CLANG_WARN_COMMA = YES;
				CLANG_WARN_CONSTANT_CONVERSION = YES;
				CLANG_WARN_DEPRECATED_OBJC_IMPLEMENTATIONS = YES;
				CLANG_WARN_DIRECT_OBJC_ISA_USAGE = YES_ERROR;
				CLANG_WARN_DOCUMENTATION_COMMENTS = YES;
				CLANG_WARN_EMPTY_BODY = YES;
				CLANG_WARN_ENUM_CONVERSION = YES;
				CLANG_WARN_INFINITE_RECURSION = YES;
				CLANG_WARN_INT_CONVERSION = YES;
				CLANG_WARN_NON_LITERAL_NULL_CONVERSION = YES;
				CLANG_WARN_OBJC_IMPLICIT_RETAIN_SELF = YES;
				CLANG_WARN_OBJC_LITERAL_CONVERSION = YES;
				CLANG_WARN_OBJC_ROOT_CLASS = YES_ERROR;
				CLANG_WARN_QUOTED_INCLUDE_IN_FRAMEWORK_HEADER = YES;
				CLANG_WARN_RANGE_LOOP_ANALYSIS = YES;
				CLANG_WARN_STRICT_PROTOTYPES = YES;
				CLANG_WARN_SUSPICIOUS_MOVE = YES;
				CLANG_WARN_UNGUARDED_AVAILABILITY = YES_AGGRESSIVE;
				CLANG_WARN_UNREACHABLE_CODE = YES;
				CLANG_WARN__DUPLICATE_METHOD_MATCH = YES;
				COPY_PHASE_STRIP = NO;
				DEBUG_INFORMATION_FORMAT = dwarf;
				ENABLE_STRICT_OBJC_MSGSEND = YES;
				ENABLE_TESTABILITY = YES;
				GCC_C_LANGUAGE_STANDARD = gnu11;
				GCC_DYNAMIC_NO_PIC = NO;
				GCC_NO_COMMON_BLOCKS = YES;
				GCC_OPTIMIZATION_LEVEL = 0;
				GCC_PREPROCESSOR_DEFINITIONS = (
					"DEBUG=1",
					"$(inherited)",
				);
				GCC_WARN_64_TO_32_BIT_CONVERSION = YES;
				GCC_WARN_ABOUT_RETURN_TYPE = YES_ERROR;
				GCC_WARN_UNDECLARED_SELECTOR = YES;
				GCC_WARN_UNINITIALIZED_AUTOS = YES_AGGRESSIVE;
				GCC_WARN_UNUSED_FUNCTION = YES;
				GCC_WARN_UNUSED_VARIABLE = YES;
				IPHONEOS_DEPLOYMENT_TARGET = 16.4;
				MTL_ENABLE_DEBUG_INFO = INCLUDE_SOURCE;
				MTL_FAST_MATH = YES;
				ONLY_ACTIVE_ARCH = YES;
				SDKROOT = iphoneos;
				SWIFT_ACTIVE_COMPILATION_CONDITIONS = DEBUG;
				SWIFT_OPTIMIZATION_LEVEL = "-Onone";
			};
			name = Debug;
		};
		8AE1B7E42A569643005F5F8D /* Release */ = {
			isa = XCBuildConfiguration;
			buildSettings = {
				ALWAYS_SEARCH_USER_PATHS = NO;
				CLANG_ANALYZER_NONNULL = YES;
				CLANG_ANALYZER_NUMBER_OBJECT_CONVERSION = YES_AGGRESSIVE;
				CLANG_CXX_LANGUAGE_STANDARD = "gnu++20";
				CLANG_ENABLE_MODULES = YES;
				CLANG_ENABLE_OBJC_ARC = YES;
				CLANG_ENABLE_OBJC_WEAK = YES;
				CLANG_WARN_BLOCK_CAPTURE_AUTORELEASING = YES;
				CLANG_WARN_BOOL_CONVERSION = YES;
				CLANG_WARN_COMMA = YES;
				CLANG_WARN_CONSTANT_CONVERSION = YES;
				CLANG_WARN_DEPRECATED_OBJC_IMPLEMENTATIONS = YES;
				CLANG_WARN_DIRECT_OBJC_ISA_USAGE = YES_ERROR;
				CLANG_WARN_DOCUMENTATION_COMMENTS = YES;
				CLANG_WARN_EMPTY_BODY = YES;
				CLANG_WARN_ENUM_CONVERSION = YES;
				CLANG_WARN_INFINITE_RECURSION = YES;
				CLANG_WARN_INT_CONVERSION = YES;
				CLANG_WARN_NON_LITERAL_NULL_CONVERSION = YES;
				CLANG_WARN_OBJC_IMPLICIT_RETAIN_SELF = YES;
				CLANG_WARN_OBJC_LITERAL_CONVERSION = YES;
				CLANG_WARN_OBJC_ROOT_CLASS = YES_ERROR;
				CLANG_WARN_QUOTED_INCLUDE_IN_FRAMEWORK_HEADER = YES;
				CLANG_WARN_RANGE_LOOP_ANALYSIS = YES;
				CLANG_WARN_STRICT_PROTOTYPES = YES;
				CLANG_WARN_SUSPICIOUS_MOVE = YES;
				CLANG_WARN_UNGUARDED_AVAILABILITY = YES_AGGRESSIVE;
				CLANG_WARN_UNREACHABLE_CODE = YES;
				CLANG_WARN__DUPLICATE_METHOD_MATCH = YES;
				COPY_PHASE_STRIP = NO;
				DEBUG_INFORMATION_FORMAT = "dwarf-with-dsym";
				ENABLE_NS_ASSERTIONS = NO;
				ENABLE_STRICT_OBJC_MSGSEND = YES;
				GCC_C_LANGUAGE_STANDARD = gnu11;
				GCC_NO_COMMON_BLOCKS = YES;
				GCC_WARN_64_TO_32_BIT_CONVERSION = YES;
				GCC_WARN_ABOUT_RETURN_TYPE = YES_ERROR;
				GCC_WARN_UNDECLARED_SELECTOR = YES;
				GCC_WARN_UNINITIALIZED_AUTOS = YES_AGGRESSIVE;
				GCC_WARN_UNUSED_FUNCTION = YES;
				GCC_WARN_UNUSED_VARIABLE = YES;
				IPHONEOS_DEPLOYMENT_TARGET = 16.4;
				MTL_ENABLE_DEBUG_INFO = NO;
				MTL_FAST_MATH = YES;
				SDKROOT = iphoneos;
				SWIFT_COMPILATION_MODE = wholemodule;
				SWIFT_OPTIMIZATION_LEVEL = "-O";
				VALIDATE_PRODUCT = YES;
			};
			name = Release;
		};
		8AE1B7E62A569643005F5F8D /* Debug */ = {
			isa = XCBuildConfiguration;
			buildSettings = {
				ASSETCATALOG_COMPILER_APPICON_NAME = AppIcon;
				ASSETCATALOG_COMPILER_GLOBAL_ACCENT_COLOR_NAME = AccentColor;
				CODE_SIGN_STYLE = Automatic;
				CURRENT_PROJECT_VERSION = 1;
				DEVELOPMENT_ASSET_PATHS = "\"PosePerfect/Preview Content\"";
				DEVELOPMENT_TEAM = YR2LEP366G;
				ENABLE_PREVIEWS = YES;
				GENERATE_INFOPLIST_FILE = YES;
				INFOPLIST_KEY_NSCameraUsageDescription = "我们将使用相机进行动作捕捉。";
				INFOPLIST_KEY_NSMotionUsageDescription = "我们需要使用耳机来进行动作捕捉。";
				INFOPLIST_KEY_UIApplicationSceneManifest_Generation = YES;
				INFOPLIST_KEY_UIApplicationSupportsIndirectInputEvents = YES;
				INFOPLIST_KEY_UISupportedInterfaceOrientations_iPad = "UIInterfaceOrientationPortrait UIInterfaceOrientationPortraitUpsideDown UIInterfaceOrientationLandscapeLeft UIInterfaceOrientationLandscapeRight";
				INFOPLIST_KEY_UISupportedInterfaceOrientations_iPhone = "UIInterfaceOrientationPortrait UIInterfaceOrientationLandscapeLeft UIInterfaceOrientationLandscapeRight";
				LD_RUNPATH_SEARCH_PATHS = (
					"$(inherited)",
					"@executable_path/Frameworks",
				);
				MARKETING_VERSION = 1.0;
				PRODUCT_BUNDLE_IDENTIFIER = site.soulwinter.PosePerfect;
				PRODUCT_NAME = "$(TARGET_NAME)";
				SWIFT_EMIT_LOC_STRINGS = YES;
				SWIFT_VERSION = 5.0;
				TARGETED_DEVICE_FAMILY = "1,2";
			};
			name = Debug;
		};
		8AE1B7E72A569643005F5F8D /* Release */ = {
			isa = XCBuildConfiguration;
			buildSettings = {
				ASSETCATALOG_COMPILER_APPICON_NAME = AppIcon;
				ASSETCATALOG_COMPILER_GLOBAL_ACCENT_COLOR_NAME = AccentColor;
				CODE_SIGN_STYLE = Automatic;
				CURRENT_PROJECT_VERSION = 1;
				DEVELOPMENT_ASSET_PATHS = "\"PosePerfect/Preview Content\"";
				DEVELOPMENT_TEAM = YR2LEP366G;
				ENABLE_PREVIEWS = YES;
				GENERATE_INFOPLIST_FILE = YES;
				INFOPLIST_KEY_NSCameraUsageDescription = "我们将使用相机进行动作捕捉。";
				INFOPLIST_KEY_NSMotionUsageDescription = "我们需要使用耳机来进行动作捕捉。";
				INFOPLIST_KEY_UIApplicationSceneManifest_Generation = YES;
				INFOPLIST_KEY_UIApplicationSupportsIndirectInputEvents = YES;
				INFOPLIST_KEY_UISupportedInterfaceOrientations_iPad = "UIInterfaceOrientationPortrait UIInterfaceOrientationPortraitUpsideDown UIInterfaceOrientationLandscapeLeft UIInterfaceOrientationLandscapeRight";
				INFOPLIST_KEY_UISupportedInterfaceOrientations_iPhone = "UIInterfaceOrientationPortrait UIInterfaceOrientationLandscapeLeft UIInterfaceOrientationLandscapeRight";
				LD_RUNPATH_SEARCH_PATHS = (
					"$(inherited)",
					"@executable_path/Frameworks",
				);
				MARKETING_VERSION = 1.0;
				PRODUCT_BUNDLE_IDENTIFIER = site.soulwinter.PosePerfect;
				PRODUCT_NAME = "$(TARGET_NAME)";
				SWIFT_EMIT_LOC_STRINGS = YES;
				SWIFT_VERSION = 5.0;
				TARGETED_DEVICE_FAMILY = "1,2";
			};
			name = Release;
		};
		8AE1B7E92A569643005F5F8D /* Debug */ = {
			isa = XCBuildConfiguration;
			buildSettings = {
				ALWAYS_EMBED_SWIFT_STANDARD_LIBRARIES = YES;
				BUNDLE_LOADER = "$(TEST_HOST)";
				CODE_SIGN_STYLE = Automatic;
				CURRENT_PROJECT_VERSION = 1;
				DEVELOPMENT_TEAM = YR2LEP366G;
				GENERATE_INFOPLIST_FILE = YES;
				IPHONEOS_DEPLOYMENT_TARGET = 16.4;
				MARKETING_VERSION = 1.0;
				PRODUCT_BUNDLE_IDENTIFIER = site.soulwinter.PosePerfectTests;
				PRODUCT_NAME = "$(TARGET_NAME)";
				SWIFT_EMIT_LOC_STRINGS = NO;
				SWIFT_VERSION = 5.0;
				TARGETED_DEVICE_FAMILY = "1,2";
				TEST_HOST = "$(BUILT_PRODUCTS_DIR)/PosePerfect.app/$(BUNDLE_EXECUTABLE_FOLDER_PATH)/PosePerfect";
			};
			name = Debug;
		};
		8AE1B7EA2A569643005F5F8D /* Release */ = {
			isa = XCBuildConfiguration;
			buildSettings = {
				ALWAYS_EMBED_SWIFT_STANDARD_LIBRARIES = YES;
				BUNDLE_LOADER = "$(TEST_HOST)";
				CODE_SIGN_STYLE = Automatic;
				CURRENT_PROJECT_VERSION = 1;
				DEVELOPMENT_TEAM = YR2LEP366G;
				GENERATE_INFOPLIST_FILE = YES;
				IPHONEOS_DEPLOYMENT_TARGET = 16.4;
				MARKETING_VERSION = 1.0;
				PRODUCT_BUNDLE_IDENTIFIER = site.soulwinter.PosePerfectTests;
				PRODUCT_NAME = "$(TARGET_NAME)";
				SWIFT_EMIT_LOC_STRINGS = NO;
				SWIFT_VERSION = 5.0;
				TARGETED_DEVICE_FAMILY = "1,2";
				TEST_HOST = "$(BUILT_PRODUCTS_DIR)/PosePerfect.app/$(BUNDLE_EXECUTABLE_FOLDER_PATH)/PosePerfect";
			};
			name = Release;
		};
		8AE1B7EC2A569643005F5F8D /* Debug */ = {
			isa = XCBuildConfiguration;
			buildSettings = {
				ALWAYS_EMBED_SWIFT_STANDARD_LIBRARIES = YES;
				CODE_SIGN_STYLE = Automatic;
				CURRENT_PROJECT_VERSION = 1;
				DEVELOPMENT_TEAM = YR2LEP366G;
				GENERATE_INFOPLIST_FILE = YES;
				MARKETING_VERSION = 1.0;
				PRODUCT_BUNDLE_IDENTIFIER = site.soulwinter.PosePerfectUITests;
				PRODUCT_NAME = "$(TARGET_NAME)";
				SWIFT_EMIT_LOC_STRINGS = NO;
				SWIFT_VERSION = 5.0;
				TARGETED_DEVICE_FAMILY = "1,2";
				TEST_TARGET_NAME = PosePerfect;
			};
			name = Debug;
		};
		8AE1B7ED2A569643005F5F8D /* Release */ = {
			isa = XCBuildConfiguration;
			buildSettings = {
				ALWAYS_EMBED_SWIFT_STANDARD_LIBRARIES = YES;
				CODE_SIGN_STYLE = Automatic;
				CURRENT_PROJECT_VERSION = 1;
				DEVELOPMENT_TEAM = YR2LEP366G;
				GENERATE_INFOPLIST_FILE = YES;
				MARKETING_VERSION = 1.0;
				PRODUCT_BUNDLE_IDENTIFIER = site.soulwinter.PosePerfectUITests;
				PRODUCT_NAME = "$(TARGET_NAME)";
				SWIFT_EMIT_LOC_STRINGS = NO;
				SWIFT_VERSION = 5.0;
				TARGETED_DEVICE_FAMILY = "1,2";
				TEST_TARGET_NAME = PosePerfect;
			};
			name = Release;
		};
/* End XCBuildConfiguration section */

/* Begin XCConfigurationList section */
		8AE1B7BC2A569641005F5F8D /* Build configuration list for PBXProject "PosePerfect" */ = {
			isa = XCConfigurationList;
			buildConfigurations = (
				8AE1B7E32A569643005F5F8D /* Debug */,
				8AE1B7E42A569643005F5F8D /* Release */,
			);
			defaultConfigurationIsVisible = 0;
			defaultConfigurationName = Release;
		};
		8AE1B7E52A569643005F5F8D /* Build configuration list for PBXNativeTarget "PosePerfect" */ = {
			isa = XCConfigurationList;
			buildConfigurations = (
				8AE1B7E62A569643005F5F8D /* Debug */,
				8AE1B7E72A569643005F5F8D /* Release */,
			);
			defaultConfigurationIsVisible = 0;
			defaultConfigurationName = Release;
		};
		8AE1B7E82A569643005F5F8D /* Build configuration list for PBXNativeTarget "PosePerfectTests" */ = {
			isa = XCConfigurationList;
			buildConfigurations = (
				8AE1B7E92A569643005F5F8D /* Debug */,
				8AE1B7EA2A569643005F5F8D /* Release */,
			);
			defaultConfigurationIsVisible = 0;
			defaultConfigurationName = Release;
		};
		8AE1B7EB2A569643005F5F8D /* Build configuration list for PBXNativeTarget "PosePerfectUITests" */ = {
			isa = XCConfigurationList;
			buildConfigurations = (
				8AE1B7EC2A569643005F5F8D /* Debug */,
				8AE1B7ED2A569643005F5F8D /* Release */,
			);
			defaultConfigurationIsVisible = 0;
			defaultConfigurationName = Release;
		};
/* End XCConfigurationList section */
	};
	rootObject = 8AE1B7B92A569641005F5F8D /* Project object */;
}
